
Microsoft Visual Studio Solution File, Format Version 12.00
# Visual Studio 15
VisualStudioVersion = 15.0.27703.2042
MinimumVisualStudioVersion = 10.0.40219.1
Project("{9A19103F-16F7-4668-BE54-9A1E7A4F7556}") = "VkBotFramework", "VkBotFramework\VkBotFramework.csproj", "{E54837B8-EE8D-41FF-960C-1A83C85F9D54}"
EndProject
Project("{9A19103F-16F7-4668-BE54-9A1E7A4F7556}") = "VkBotFramework.Tests", "VkBotFramework.Tests\VkBotFramework.Tests.csproj", "{D6D8F7FE-7B45-4E83-954F-A90DC56DA972}"
EndProject
Project("{2150E333-8FDC-42A3-9474-1A3956D46DE8}") = "VkBotFramework.Examples", "VkBotFramework.Examples", "{F8700DB2-46D2-4A0F-9562-53460018AD9E}"
EndProject
Project("{FAE04EC0-301F-11D3-BF4B-00C04F79EFBC}") = "ExampleSettings", "VkBotFramework.Examples\ExampleSettings\ExampleSettings.csproj", "{98CAE49D-8BE3-4B2B-BBB7-6923F15FD041}"
EndProject
Project("{FAE04EC0-301F-11D3-BF4B-00C04F79EFBC}") = "RegisterPatternToActionTemplate", "VkBotFramework.Examples\RegisterPatternToActionTemplate\RegisterPatternToActionTemplate.csproj", "{B9180BDB-E55C-4FFF-A48B-9F0B25BF91CD}"
EndProject
Project("{FAE04EC0-301F-11D3-BF4B-00C04F79EFBC}") = "CaptureGroupUpdateEvents", "VkBotFramework.Examples\CaptureGroupUpdateEvents\CaptureGroupUpdateEvents.csproj", "{0D17BCE4-9B94-4C25-AC3D-8980A7B2C32C}"
EndProject
Project("{FAE04EC0-301F-11D3-BF4B-00C04F79EFBC}") = "CaptureNewMessages", "VkBotFramework.Examples\CaptureNewMessages\CaptureNewMessages.csproj", "{3B1550BE-13D8-4B30-9377-29F638D250E6}"
EndProject
Project("{FAE04EC0-301F-11D3-BF4B-00C04F79EFBC}") = "MessagesWithKeyboard", "VkBotFramework.Examples\MessagesWithKeyboard\MessagesWithKeyboard.csproj", "{6CC16AE7-BED8-41C8-90C1-76DF6DA60E61}"
EndProject
Global
	GlobalSection(SolutionConfigurationPlatforms) = preSolution
		Debug|Any CPU = Debug|Any CPU
		Release|Any CPU = Release|Any CPU
	EndGlobalSection
	GlobalSection(ProjectConfigurationPlatforms) = postSolution
		{E54837B8-EE8D-41FF-960C-1A83C85F9D54}.Debug|Any CPU.ActiveCfg = Debug|Any CPU
		{E54837B8-EE8D-41FF-960C-1A83C85F9D54}.Debug|Any CPU.Build.0 = Debug|Any CPU
		{E54837B8-EE8D-41FF-960C-1A83C85F9D54}.Release|Any CPU.ActiveCfg = Release|Any CPU
		{E54837B8-EE8D-41FF-960C-1A83C85F9D54}.Release|Any CPU.Build.0 = Release|Any CPU
		{D6D8F7FE-7B45-4E83-954F-A90DC56DA972}.Debug|Any CPU.ActiveCfg = Debug|Any CPU
		{D6D8F7FE-7B45-4E83-954F-A90DC56DA972}.Debug|Any CPU.Build.0 = Debug|Any CPU
		{D6D8F7FE-7B45-4E83-954F-A90DC56DA972}.Release|Any CPU.ActiveCfg = Release|Any CPU
		{D6D8F7FE-7B45-4E83-954F-A90DC56DA972}.Release|Any CPU.Build.0 = Release|Any CPU
		{98CAE49D-8BE3-4B2B-BBB7-6923F15FD041}.Debug|Any CPU.ActiveCfg = Debug|Any CPU
		{98CAE49D-8BE3-4B2B-BBB7-6923F15FD041}.Debug|Any CPU.Build.0 = Debug|Any CPU
		{98CAE49D-8BE3-4B2B-BBB7-6923F15FD041}.Release|Any CPU.ActiveCfg = Release|Any CPU
		{98CAE49D-8BE3-4B2B-BBB7-6923F15FD041}.Release|Any CPU.Build.0 = Release|Any CPU
		{B9180BDB-E55C-4FFF-A48B-9F0B25BF91CD}.Debug|Any CPU.ActiveCfg = Debug|Any CPU
		{B9180BDB-E55C-4FFF-A48B-9F0B25BF91CD}.Debug|Any CPU.Build.0 = Debug|Any CPU
		{B9180BDB-E55C-4FFF-A48B-9F0B25BF91CD}.Release|Any CPU.ActiveCfg = Release|Any CPU
		{B9180BDB-E55C-4FFF-A48B-9F0B25BF91CD}.Release|Any CPU.Build.0 = Release|Any CPU
		{0D17BCE4-9B94-4C25-AC3D-8980A7B2C32C}.Debug|Any CPU.ActiveCfg = Debug|Any CPU
		{0D17BCE4-9B94-4C25-AC3D-8980A7B2C32C}.Debug|Any CPU.Build.0 = Debug|Any CPU
		{0D17BCE4-9B94-4C25-AC3D-8980A7B2C32C}.Release|Any CPU.ActiveCfg = Release|Any CPU
		{0D17BCE4-9B94-4C25-AC3D-8980A7B2C32C}.Release|Any CPU.Build.0 = Release|Any CPU
		{3B1550BE-13D8-4B30-9377-29F638D250E6}.Debug|Any CPU.ActiveCfg = Debug|Any CPU
		{3B1550BE-13D8-4B30-9377-29F638D250E6}.Debug|Any CPU.Build.0 = Debug|Any CPU
		{3B1550BE-13D8-4B30-9377-29F638D250E6}.Release|Any CPU.ActiveCfg = Release|Any CPU
		{3B1550BE-13D8-4B30-9377-29F638D250E6}.Release|Any CPU.Build.0 = Release|Any CPU
		{6CC16AE7-BED8-41C8-90C1-76DF6DA60E61}.Debug|Any CPU.ActiveCfg = Debug|Any CPU
		{6CC16AE7-BED8-41C8-90C1-76DF6DA60E61}.Debug|Any CPU.Build.0 = Debug|Any CPU
		{6CC16AE7-BED8-41C8-90C1-76DF6DA60E61}.Release|Any CPU.ActiveCfg = Release|Any CPU
		{6CC16AE7-BED8-41C8-90C1-76DF6DA60E61}.Release|Any CPU.Build.0 = Release|Any CPU
	EndGlobalSection
	GlobalSection(SolutionProperties) = preSolution
		HideSolutionNode = FALSE
	EndGlobalSection
	GlobalSection(NestedProjects) = preSolution
		{98CAE49D-8BE3-4B2B-BBB7-6923F15FD041} = {F8700DB2-46D2-4A0F-9562-53460018AD9E}
		{B9180BDB-E55C-4FFF-A48B-9F0B25BF91CD} = {F8700DB2-46D2-4A0F-9562-53460018AD9E}
		{0D17BCE4-9B94-4C25-AC3D-8980A7B2C32C} = {F8700DB2-46D2-4A0F-9562-53460018AD9E}
		{3B1550BE-13D8-4B30-9377-29F638D250E6} = {F8700DB2-46D2-4A0F-9562-53460018AD9E}
		{6CC16AE7-BED8-41C8-90C1-76DF6DA60E61} = {F8700DB2-46D2-4A0F-9562-53460018AD9E}
	EndGlobalSection
	GlobalSection(ExtensibilityGlobals) = postSolution
		SolutionGuid = {C481B7A3-63BE-4552-A982-B42230845DAA}
	EndGlobalSection
EndGlobal
